
Microsoft Visual Studio Solution File, Format Version 11.00
# Visual Studio 2010
Project("{FAE04EC0-301F-11D3-BF4B-00C04F79EFBC}") = "ARLesson1", "Assembly-CSharp.csproj", "{F5234DE5-3483-7790-4A01-B721355DF97D}"
EndProject
Project("{FAE04EC0-301F-11D3-BF4B-00C04F79EFBC}") = "ARLesson1", "Assembly-CSharp-Editor.csproj", "{AC9E199E-633A-E3C0-CC7D-AB710D712093}"
EndProject
Global
	GlobalSection(SolutionConfigurationPlatforms) = preSolution
		Debug|Any CPU = Debug|Any CPU
		Release|Any CPU = Release|Any CPU
	EndGlobalSection
	GlobalSection(ProjectConfigurationPlatforms) = postSolution
		{F5234DE5-3483-7790-4A01-B721355DF97D}.Debug|Any CPU.ActiveCfg = Debug|Any CPU
		{F5234DE5-3483-7790-4A01-B721355DF97D}.Debug|Any CPU.Build.0 = Debug|Any CPU
		{F5234DE5-3483-7790-4A01-B721355DF97D}.Release|Any CPU.ActiveCfg = Release|Any CPU
		{F5234DE5-3483-7790-4A01-B721355DF97D}.Release|Any CPU.Build.0 = Release|Any CPU
		{AC9E199E-633A-E3C0-CC7D-AB710D712093}.Debug|Any CPU.ActiveCfg = Debug|Any CPU
		{AC9E199E-633A-E3C0-CC7D-AB710D712093}.Debug|Any CPU.Build.0 = Debug|Any CPU
		{AC9E199E-633A-E3C0-CC7D-AB710D712093}.Release|Any CPU.ActiveCfg = Release|Any CPU
		{AC9E199E-633A-E3C0-CC7D-AB710D712093}.Release|Any CPU.Build.0 = Release|Any CPU
	EndGlobalSection
	GlobalSection(SolutionProperties) = preSolution
		HideSolutionNode = FALSE
	EndGlobalSection
	GlobalSection(MonoDevelopProperties) = preSolution
		StartupItem = Assembly-CSharp.csproj
	EndGlobalSection
EndGlobal
